
Microsoft Visual Studio Solution File, Format Version 12.00
# Visual Studio Version 16
VisualStudioVersion = 16.0.31515.178
MinimumVisualStudioVersion = 10.0.40219.1
Project("{FAE04EC0-301F-11D3-BF4B-00C04F79EFBC}") = "SendFile", "SendFile.csproj", "{5BEA787D-857E-4F43-BA2F-84E7A4BF964E}"
EndProject
Global
	GlobalSection(SolutionConfigurationPlatforms) = preSolution
		Debug|Any CPU = Debug|Any CPU
		Release|Any CPU = Release|Any CPU
	EndGlobalSection
	GlobalSection(ProjectConfigurationPlatforms) = postSolution
		{5BEA787D-857E-4F43-BA2F-84E7A4BF964E}.Debug|Any CPU.ActiveCfg = Debug|Any CPU
		{5BEA787D-857E-4F43-BA2F-84E7A4BF964E}.Debug|Any CPU.Build.0 = Debug|Any CPU
		{5BEA787D-857E-4F43-BA2F-84E7A4BF964E}.Release|Any CPU.ActiveCfg = Release|Any CPU
		{5BEA787D-857E-4F43-BA2F-84E7A4BF964E}.Release|Any CPU.Build.0 = Release|Any CPU
	EndGlobalSection
	GlobalSection(SolutionProperties) = preSolution
		HideSolutionNode = FALSE
	EndGlobalSection
	GlobalSection(ExtensibilityGlobals) = postSolution
		SolutionGuid = {20E97F7B-52DC-44EB-9A65-4C8173B32907}
	EndGlobalSection
EndGlobal
